
Microsoft Visual Studio Solution File, Format Version 12.00
# Visual Studio 15
VisualStudioVersion = 15.0.27703.2000
MinimumVisualStudioVersion = 10.0.40219.1
Project("{FAE04EC0-301F-11D3-BF4B-00C04F79EFBC}") = "FfmpegWrapper", "FfmpegWrapper\FfmpegWrapper.csproj", "{7EA7E798-BD0B-4F1F-B33C-B86EE3243AEB}"
EndProject
Project("{FAE04EC0-301F-11D3-BF4B-00C04F79EFBC}") = "FfmpegWrapperTest", "FfmpegWrapperTest\FfmpegWrapperTest.csproj", "{9383589E-91E8-4920-A74E-1EE0A9B1A7D3}"
EndProject
Project("{2150E333-8FDC-42A3-9474-1A3956D46DE8}") = "Solution Items", "Solution Items", "{32275560-83EE-4E1F-A142-20E2EA1F5124}"
	ProjectSection(SolutionItems) = preProject
		README.md = README.md
	EndProjectSection
EndProject
Project("{FAE04EC0-301F-11D3-BF4B-00C04F79EFBC}") = "Trimer", "Trimer\Trimer.csproj", "{30F17D09-3517-408A-8168-F4DA4512762E}"
EndProject
Global
	GlobalSection(SolutionConfigurationPlatforms) = preSolution
		Debug|Any CPU = Debug|Any CPU
		Release|Any CPU = Release|Any CPU
	EndGlobalSection
	GlobalSection(ProjectConfigurationPlatforms) = postSolution
		{7EA7E798-BD0B-4F1F-B33C-B86EE3243AEB}.Debug|Any CPU.ActiveCfg = Debug|Any CPU
		{7EA7E798-BD0B-4F1F-B33C-B86EE3243AEB}.Debug|Any CPU.Build.0 = Debug|Any CPU
		{7EA7E798-BD0B-4F1F-B33C-B86EE3243AEB}.Release|Any CPU.ActiveCfg = Release|Any CPU
		{7EA7E798-BD0B-4F1F-B33C-B86EE3243AEB}.Release|Any CPU.Build.0 = Release|Any CPU
		{9383589E-91E8-4920-A74E-1EE0A9B1A7D3}.Debug|Any CPU.ActiveCfg = Debug|Any CPU
		{9383589E-91E8-4920-A74E-1EE0A9B1A7D3}.Debug|Any CPU.Build.0 = Debug|Any CPU
		{9383589E-91E8-4920-A74E-1EE0A9B1A7D3}.Release|Any CPU.ActiveCfg = Release|Any CPU
		{9383589E-91E8-4920-A74E-1EE0A9B1A7D3}.Release|Any CPU.Build.0 = Release|Any CPU
		{30F17D09-3517-408A-8168-F4DA4512762E}.Debug|Any CPU.ActiveCfg = Debug|Any CPU
		{30F17D09-3517-408A-8168-F4DA4512762E}.Debug|Any CPU.Build.0 = Debug|Any CPU
		{30F17D09-3517-408A-8168-F4DA4512762E}.Release|Any CPU.ActiveCfg = Release|Any CPU
		{30F17D09-3517-408A-8168-F4DA4512762E}.Release|Any CPU.Build.0 = Release|Any CPU
	EndGlobalSection
	GlobalSection(SolutionProperties) = preSolution
		HideSolutionNode = FALSE
	EndGlobalSection
	GlobalSection(ExtensibilityGlobals) = postSolution
		SolutionGuid = {DE42A23E-0FA9-45DB-A204-712CDD80018E}
	EndGlobalSection
EndGlobal
